// !$*UTF8*$!
{
	archiveVersion = 1;
	classes = {
	};
	objectVersion = 46;
	objects = {

/* Begin PBXBuildFile section */
		1685B5FD7165A9F8C1090619 /* libPods.a in Frameworks */ = {isa = PBXBuildFile; fileRef = 53BECFF9261DD4A883082A9E /* libPods.a */; };
		5242DD0447F92B6D930229EE /* libPods.a in Frameworks */ = {isa = PBXBuildFile; fileRef = 53BECFF9261DD4A883082A9E /* libPods.a */; };
		9C0A2DCD197F9ADE00D94B5F /* AppDelegate.swift in Sources */ = {isa = PBXBuildFile; fileRef = 9C0A2DCC197F9ADE00D94B5F /* AppDelegate.swift */; };
		9C0A2DD2197F9ADE00D94B5F /* Main.storyboard in Resources */ = {isa = PBXBuildFile; fileRef = 9C0A2DD0197F9ADE00D94B5F /* Main.storyboard */; };
		9C0A2DF0197F9BA200D94B5F /* NotificationCenter.framework in Frameworks */ = {isa = PBXBuildFile; fileRef = 9C0A2DEF197F9BA200D94B5F /* NotificationCenter.framework */; };
		9C0A2DF5197F9BA200D94B5F /* ExtensionViewController.swift in Sources */ = {isa = PBXBuildFile; fileRef = 9C0A2DF4197F9BA200D94B5F /* ExtensionViewController.swift */; };
		9C0A2DF7197F9BA200D94B5F /* MainInterface.storyboard in Resources */ = {isa = PBXBuildFile; fileRef = 9C0A2DF6197F9BA200D94B5F /* MainInterface.storyboard */; };
		9C0A2DFA197F9BA200D94B5F /* com.maxime-dechalendar.LiFXWidget.LiFX-Widget.appex in Embed App Extensions */ = {isa = PBXBuildFile; fileRef = 9C0A2DED197F9BA200D94B5F /* com.maxime-dechalendar.LiFXWidget.LiFX-Widget.appex */; };
		9C295F761B56C4CA00115F6D /* InterfaceController.swift in Sources */ = {isa = PBXBuildFile; fileRef = 9C295F751B56C4CA00115F6D /* InterfaceController.swift */; };
		9C295F781B56C7CF00115F6D /* SeparatorView.swift in Sources */ = {isa = PBXBuildFile; fileRef = 9C295F771B56C7CF00115F6D /* SeparatorView.swift */; };
		9C295F7C1B56CE4D00115F6D /* Launch Screen.xib in Resources */ = {isa = PBXBuildFile; fileRef = 9C295F7A1B56CE4D00115F6D /* Launch Screen.xib */; };
		9C31F99E1B5ED23F00445CF7 /* LIFXKelvin+Calculations.swift in Sources */ = {isa = PBXBuildFile; fileRef = 9C31F99D1B5ED23F00445CF7 /* LIFXKelvin+Calculations.swift */; };
		9C43D9841B4130D000AA7719 /* TutorialViewController.swift in Sources */ = {isa = PBXBuildFile; fileRef = 9C43D9831B4130D000AA7719 /* TutorialViewController.swift */; };
		9C43D9861B4132DE00AA7719 /* TutorialAnimatedTransitioning.swift in Sources */ = {isa = PBXBuildFile; fileRef = 9C43D9851B4132DE00AA7719 /* TutorialAnimatedTransitioning.swift */; };
		9C43D98A1B41523A00AA7719 /* SettingsPersistanceManager.swift in Sources */ = {isa = PBXBuildFile; fileRef = 9C43D9891B41523A00AA7719 /* SettingsPersistanceManager.swift */; };
		9C4F06171B4C3CC5004980CB /* TargetTableViewCell.swift in Sources */ = {isa = PBXBuildFile; fileRef = 9C4F06161B4C3CC5004980CB /* TargetTableViewCell.swift */; };
		9C4F06191B4D98CD004980CB /* TargetSelectedView.swift in Sources */ = {isa = PBXBuildFile; fileRef = 9C4F06181B4D98CD004980CB /* TargetSelectedView.swift */; };
		9C5BEA5A1B47BA0000F71519 /* TargetPickerViewController.swift in Sources */ = {isa = PBXBuildFile; fileRef = 9C5BEA591B47BA0000F71519 /* TargetPickerViewController.swift */; };
		9C69BE7F1B5A350C00EEFAE2 /* ColorsListViewController.swift in Sources */ = {isa = PBXBuildFile; fileRef = 9C69BE7E1B5A350C00EEFAE2 /* ColorsListViewController.swift */; };
		9C77A4CE19D16FEC000ADD99 /* Images.xcassets in Resources */ = {isa = PBXBuildFile; fileRef = 9C77A4CD19D16FEC000ADD99 /* Images.xcassets */; };
		9C7D1F4E1A7BCB230091CDE5 /* LiFX Widget Companion WatchKit App.app in Resources */ = {isa = PBXBuildFile; fileRef = 9C7D1F4D1A7BCB230091CDE5 /* LiFX Widget Companion WatchKit App.app */; };
		9C7D1F561A7BCB230091CDE5 /* Interface.storyboard in Resources */ = {isa = PBXBuildFile; fileRef = 9C7D1F541A7BCB230091CDE5 /* Interface.storyboard */; };
		9C7D1F581A7BCB230091CDE5 /* Images.xcassets in Resources */ = {isa = PBXBuildFile; fileRef = 9C7D1F571A7BCB230091CDE5 /* Images.xcassets */; };
		9C7D1F5B1A7BCB230091CDE5 /* LiFX Widget Companion WatchKit Extension.appex in Embed App Extensions */ = {isa = PBXBuildFile; fileRef = 9C7D1F431A7BCB230091CDE5 /* LiFX Widget Companion WatchKit Extension.appex */; settings = {ATTRIBUTES = (RemoveHeadersOnCopy, ); }; };
		9C8813271B417F2F0062DD86 /* OAuthTokenPickerViewController.swift in Sources */ = {isa = PBXBuildFile; fileRef = 9C8813261B417F2F0062DD86 /* OAuthTokenPickerViewController.swift */; };
		9C8813291B41AC270062DD86 /* Icons.xcassets in Resources */ = {isa = PBXBuildFile; fileRef = 9C8813281B41AC270062DD86 /* Icons.xcassets */; };
		9C96FC7F1B5A40310066C50C /* ColorTableViewCell.swift in Sources */ = {isa = PBXBuildFile; fileRef = 9C96FC7E1B5A40310066C50C /* ColorTableViewCell.swift */; };
		9C96FC811B5A4DA10066C50C /* ColorPickerViewController.swift in Sources */ = {isa = PBXBuildFile; fileRef = 9C96FC801B5A4DA10066C50C /* ColorPickerViewController.swift */; };
		9C96FC871B5A5AB30066C50C /* UIColor+Simplify.swift in Sources */ = {isa = PBXBuildFile; fileRef = 9C96FC861B5A5AB30066C50C /* UIColor+Simplify.swift */; };
		9C96FC891B5A8A790066C50C /* Delay.swift in Sources */ = {isa = PBXBuildFile; fileRef = 9C96FC881B5A8A790066C50C /* Delay.swift */; };
		9CADB1531B400CEE008EE854 /* HomeViewController.swift in Sources */ = {isa = PBXBuildFile; fileRef = 9CADB1521B400CEE008EE854 /* HomeViewController.swift */; };
		9CC0AC351B5C2E5B002D12A0 /* WhiteGradientViewController.swift in Sources */ = {isa = PBXBuildFile; fileRef = 9CC0AC341B5C2E5B002D12A0 /* WhiteGradientViewController.swift */; };
		9CC0AC371B5D27D5002D12A0 /* ColorViewController.swift in Sources */ = {isa = PBXBuildFile; fileRef = 9CC0AC361B5D27D5002D12A0 /* ColorViewController.swift */; };
		9CDA27EC1B446AA000E8AEBA /* TargetModelWrapper.swift in Sources */ = {isa = PBXBuildFile; fileRef = 9CDA27EB1B446AA000E8AEBA /* TargetModelWrapper.swift */; };
		9CEB138D1B402E1D003D5A9B /* TutorialView.swift in Sources */ = {isa = PBXBuildFile; fileRef = 9CEB138C1B402E1D003D5A9B /* TutorialView.swift */; };
		9CED93701B5FFC2900F18BFC /* HeaderTableViewController.swift in Sources */ = {isa = PBXBuildFile; fileRef = 9CED936F1B5FFC2900F18BFC /* HeaderTableViewController.swift */; };
		9CED93731B5FFF6D00F18BFC /* IntensitiesListViewController.swift in Sources */ = {isa = PBXBuildFile; fileRef = 9CED93721B5FFF6D00F18BFC /* IntensitiesListViewController.swift */; };
		9CED93751B5FFFFA00F18BFC /* IntensityModelWrapper.swift in Sources */ = {isa = PBXBuildFile; fileRef = 9CED93741B5FFFFA00F18BFC /* IntensityModelWrapper.swift */; };
		9CED93771B60070800F18BFC /* IntensityTableViewCell.swift in Sources */ = {isa = PBXBuildFile; fileRef = 9CED93761B60070800F18BFC /* IntensityTableViewCell.swift */; };
		B28A294A2806C04773021A56 /* libPods.a in Frameworks */ = {isa = PBXBuildFile; fileRef = 53BECFF9261DD4A883082A9E /* libPods.a */; };
		C6DC03D98999DBB3DEA72B72 /* libPods-companion.a in Frameworks */ = {isa = PBXBuildFile; fileRef = F1855C7613C98F9358436270 /* libPods-companion.a */; };
		CD749ACCC455CC5B14E52085 /* libPods.a in Frameworks */ = {isa = PBXBuildFile; fileRef = 53BECFF9261DD4A883082A9E /* libPods.a */; };
/* End PBXBuildFile section */

/* Begin PBXContainerItemProxy section */
		9C0A2DF8197F9BA200D94B5F /* PBXContainerItemProxy */ = {
			isa = PBXContainerItemProxy;
			containerPortal = 9C0A2DBF197F9ADE00D94B5F /* Project object */;
			proxyType = 1;
			remoteGlobalIDString = 9C0A2DEC197F9BA200D94B5F;
			remoteInfo = LiFXWidgetExtension;
		};
		9C0A2DFB197F9BA200D94B5F /* PBXContainerItemProxy */ = {
			isa = PBXContainerItemProxy;
			containerPortal = 9C0A2DBF197F9ADE00D94B5F /* Project object */;
			proxyType = 1;
			remoteGlobalIDString = 9C0A2DEC197F9BA200D94B5F;
			remoteInfo = LiFXWidgetExtension;
		};
		9C7D1F4F1A7BCB230091CDE5 /* PBXContainerItemProxy */ = {
			isa = PBXContainerItemProxy;
			containerPortal = 9C0A2DBF197F9ADE00D94B5F /* Project object */;
			proxyType = 1;
			remoteGlobalIDString = 9C7D1F4C1A7BCB230091CDE5;
			remoteInfo = "LiFX Widget Companion WatchKit App";
		};
		9C7D1F591A7BCB230091CDE5 /* PBXContainerItemProxy */ = {
			isa = PBXContainerItemProxy;
			containerPortal = 9C0A2DBF197F9ADE00D94B5F /* Project object */;
			proxyType = 1;
			remoteGlobalIDString = 9C7D1F421A7BCB230091CDE5;
			remoteInfo = "LiFX Widget Companion WatchKit Extension";
		};
/* End PBXContainerItemProxy section */

/* Begin PBXCopyFilesBuildPhase section */
		9C0A2E00197F9BA200D94B5F /* Embed App Extensions */ = {
			isa = PBXCopyFilesBuildPhase;
			buildActionMask = 2147483647;
			dstPath = "";
			dstSubfolderSpec = 13;
			files = (
				9C0A2DFA197F9BA200D94B5F /* com.maxime-dechalendar.LiFXWidget.LiFX-Widget.appex in Embed App Extensions */,
				9C7D1F5B1A7BCB230091CDE5 /* LiFX Widget Companion WatchKit Extension.appex in Embed App Extensions */,
			);
			name = "Embed App Extensions";
			runOnlyForDeploymentPostprocessing = 0;
		};
/* End PBXCopyFilesBuildPhase section */

/* Begin PBXFileReference section */
		53BECFF9261DD4A883082A9E /* libPods.a */ = {isa = PBXFileReference; explicitFileType = archive.ar; includeInIndex = 0; path = libPods.a; sourceTree = BUILT_PRODUCTS_DIR; };
		9C0A2DC7197F9ADE00D94B5F /* LiFX Widget Companion.app */ = {isa = PBXFileReference; explicitFileType = wrapper.application; includeInIndex = 0; path = "LiFX Widget Companion.app"; sourceTree = BUILT_PRODUCTS_DIR; };
		9C0A2DCB197F9ADE00D94B5F /* Info.plist */ = {isa = PBXFileReference; lastKnownFileType = text.plist.xml; path = Info.plist; sourceTree = "<group>"; };
		9C0A2DCC197F9ADE00D94B5F /* AppDelegate.swift */ = {isa = PBXFileReference; lastKnownFileType = sourcecode.swift; path = AppDelegate.swift; sourceTree = "<group>"; };
		9C0A2DD1197F9ADE00D94B5F /* Base */ = {isa = PBXFileReference; lastKnownFileType = file.storyboard; name = Base; path = Base.lproj/Main.storyboard; sourceTree = "<group>"; };
		9C0A2DED197F9BA200D94B5F /* com.maxime-dechalendar.LiFXWidget.LiFX-Widget.appex */ = {isa = PBXFileReference; explicitFileType = "wrapper.app-extension"; includeInIndex = 0; path = "com.maxime-dechalendar.LiFXWidget.LiFX-Widget.appex"; sourceTree = BUILT_PRODUCTS_DIR; };
		9C0A2DEF197F9BA200D94B5F /* NotificationCenter.framework */ = {isa = PBXFileReference; lastKnownFileType = wrapper.framework; name = NotificationCenter.framework; path = System/Library/Frameworks/NotificationCenter.framework; sourceTree = SDKROOT; };
		9C0A2DF3197F9BA200D94B5F /* Info.plist */ = {isa = PBXFileReference; lastKnownFileType = text.plist.xml; path = Info.plist; sourceTree = "<group>"; };
		9C0A2DF4197F9BA200D94B5F /* ExtensionViewController.swift */ = {isa = PBXFileReference; lastKnownFileType = sourcecode.swift; path = ExtensionViewController.swift; sourceTree = "<group>"; };
		9C0A2DF6197F9BA200D94B5F /* MainInterface.storyboard */ = {isa = PBXFileReference; lastKnownFileType = file.storyboard; path = MainInterface.storyboard; sourceTree = "<group>"; };
		9C1309911ABA049F0022E23B /* Pods.debug.xcconfig */ = {isa = PBXFileReference; fileEncoding = 4; lastKnownFileType = text.xcconfig; name = Pods.debug.xcconfig; path = "Pods/Target Support Files/Pods/Pods.debug.xcconfig"; sourceTree = "<group>"; };
		9C1309921ABA049F0022E23B /* Pods.release.xcconfig */ = {isa = PBXFileReference; fileEncoding = 4; lastKnownFileType = text.xcconfig; name = Pods.release.xcconfig; path = "Pods/Target Support Files/Pods/Pods.release.xcconfig"; sourceTree = "<group>"; };
		9C295F751B56C4CA00115F6D /* InterfaceController.swift */ = {isa = PBXFileReference; fileEncoding = 4; lastKnownFileType = sourcecode.swift; path = InterfaceController.swift; sourceTree = "<group>"; };
		9C295F771B56C7CF00115F6D /* SeparatorView.swift */ = {isa = PBXFileReference; fileEncoding = 4; lastKnownFileType = sourcecode.swift; name = SeparatorView.swift; path = "Reusable Views/SeparatorView.swift"; sourceTree = "<group>"; };
		9C295F7B1B56CE4D00115F6D /* Base */ = {isa = PBXFileReference; lastKnownFileType = file.xib; name = Base; path = "Base.lproj/Launch Screen.xib"; sourceTree = "<group>"; };
		9C2F54BF1995788A0027A6A1 /* LiFX Widget Companion.entitlements */ = {isa = PBXFileReference; lastKnownFileType = text.xml; path = "LiFX Widget Companion.entitlements"; sourceTree = "<group>"; };
		9C2F54C01995788E0027A6A1 /* com.maxime-dechalendar.LiFXWidget.LiFX-Widget.entitlements */ = {isa = PBXFileReference; lastKnownFileType = text.xml; path = "com.maxime-dechalendar.LiFXWidget.LiFX-Widget.entitlements"; sourceTree = "<group>"; };
		9C31F99D1B5ED23F00445CF7 /* LIFXKelvin+Calculations.swift */ = {isa = PBXFileReference; fileEncoding = 4; lastKnownFileType = sourcecode.swift; path = "LIFXKelvin+Calculations.swift"; sourceTree = "<group>"; };
		9C43D9831B4130D000AA7719 /* TutorialViewController.swift */ = {isa = PBXFileReference; fileEncoding = 4; lastKnownFileType = sourcecode.swift; name = TutorialViewController.swift; path = ViewControllers/Tutorial/TutorialViewController.swift; sourceTree = "<group>"; };
		9C43D9851B4132DE00AA7719 /* TutorialAnimatedTransitioning.swift */ = {isa = PBXFileReference; fileEncoding = 4; lastKnownFileType = sourcecode.swift; name = TutorialAnimatedTransitioning.swift; path = ViewControllers/Tutorial/TutorialAnimatedTransitioning.swift; sourceTree = "<group>"; };
		9C43D9891B41523A00AA7719 /* SettingsPersistanceManager.swift */ = {isa = PBXFileReference; fileEncoding = 4; lastKnownFileType = sourcecode.swift; path = SettingsPersistanceManager.swift; sourceTree = "<group>"; };
		9C4F06161B4C3CC5004980CB /* TargetTableViewCell.swift */ = {isa = PBXFileReference; fileEncoding = 4; lastKnownFileType = sourcecode.swift; name = TargetTableViewCell.swift; path = "Target picker/TargetTableViewCell.swift"; sourceTree = "<group>"; };
		9C4F06181B4D98CD004980CB /* TargetSelectedView.swift */ = {isa = PBXFileReference; fileEncoding = 4; lastKnownFileType = sourcecode.swift; name = TargetSelectedView.swift; path = "Target picker/TargetSelectedView.swift"; sourceTree = "<group>"; };
		9C5BEA591B47BA0000F71519 /* TargetPickerViewController.swift */ = {isa = PBXFileReference; fileEncoding = 4; lastKnownFileType = sourcecode.swift; name = TargetPickerViewController.swift; path = "Target picker/TargetPickerViewController.swift"; sourceTree = "<group>"; };
		9C6784311A7BCE1100A3E82E /* LiFX Widget Companion WatchKit Extension.entitlements */ = {isa = PBXFileReference; lastKnownFileType = text.xml; path = "LiFX Widget Companion WatchKit Extension.entitlements"; sourceTree = "<group>"; };
		9C69BE7E1B5A350C00EEFAE2 /* ColorsListViewController.swift */ = {isa = PBXFileReference; fileEncoding = 4; lastKnownFileType = sourcecode.swift; name = ColorsListViewController.swift; path = Colors/ColorsListViewController.swift; sourceTree = "<group>"; };
		9C77A4CD19D16FEC000ADD99 /* Images.xcassets */ = {isa = PBXFileReference; lastKnownFileType = folder.assetcatalog; path = Images.xcassets; sourceTree = "<group>"; };
		9C7D1F431A7BCB230091CDE5 /* LiFX Widget Companion WatchKit Extension.appex */ = {isa = PBXFileReference; explicitFileType = "wrapper.app-extension"; includeInIndex = 0; path = "LiFX Widget Companion WatchKit Extension.appex"; sourceTree = BUILT_PRODUCTS_DIR; };
		9C7D1F461A7BCB230091CDE5 /* Info.plist */ = {isa = PBXFileReference; lastKnownFileType = text.plist.xml; path = Info.plist; sourceTree = "<group>"; };
		9C7D1F4D1A7BCB230091CDE5 /* LiFX Widget Companion WatchKit App.app */ = {isa = PBXFileReference; explicitFileType = wrapper.application; includeInIndex = 0; path = "LiFX Widget Companion WatchKit App.app"; sourceTree = BUILT_PRODUCTS_DIR; };
		9C7D1F531A7BCB230091CDE5 /* Info.plist */ = {isa = PBXFileReference; lastKnownFileType = text.plist.xml; path = Info.plist; sourceTree = "<group>"; };
		9C7D1F551A7BCB230091CDE5 /* Base */ = {isa = PBXFileReference; lastKnownFileType = file.storyboard; name = Base; path = Base.lproj/Interface.storyboard; sourceTree = "<group>"; };
		9C7D1F571A7BCB230091CDE5 /* Images.xcassets */ = {isa = PBXFileReference; lastKnownFileType = folder.assetcatalog; path = Images.xcassets; sourceTree = "<group>"; };
		9C7E72AF197FBB5F00BFC0E7 /* LiFXWidget-Bridging-Header.h */ = {isa = PBXFileReference; lastKnownFileType = sourcecode.c.h; path = "LiFXWidget-Bridging-Header.h"; sourceTree = "<group>"; };
		9C8813261B417F2F0062DD86 /* OAuthTokenPickerViewController.swift */ = {isa = PBXFileReference; fileEncoding = 4; lastKnownFileType = sourcecode.swift; name = OAuthTokenPickerViewController.swift; path = ViewControllers/Tutorial/OAuthTokenPicker/OAuthTokenPickerViewController.swift; sourceTree = "<group>"; };
		9C8813281B41AC270062DD86 /* Icons.xcassets */ = {isa = PBXFileReference; lastKnownFileType = folder.assetcatalog; path = Icons.xcassets; sourceTree = "<group>"; };
		9C96FC7E1B5A40310066C50C /* ColorTableViewCell.swift */ = {isa = PBXFileReference; fileEncoding = 4; lastKnownFileType = sourcecode.swift; name = ColorTableViewCell.swift; path = Colors/ColorTableViewCell.swift; sourceTree = "<group>"; };
		9C96FC801B5A4DA10066C50C /* ColorPickerViewController.swift */ = {isa = PBXFileReference; fileEncoding = 4; lastKnownFileType = sourcecode.swift; name = ColorPickerViewController.swift; path = Colors/ColorPickerViewController.swift; sourceTree = "<group>"; };
		9C96FC861B5A5AB30066C50C /* UIColor+Simplify.swift */ = {isa = PBXFileReference; fileEncoding = 4; lastKnownFileType = sourcecode.swift; path = "UIColor+Simplify.swift"; sourceTree = "<group>"; };
		9C96FC881B5A8A790066C50C /* Delay.swift */ = {isa = PBXFileReference; fileEncoding = 4; lastKnownFileType = sourcecode.swift; path = Delay.swift; sourceTree = "<group>"; };
		9CA4CF001B41B96B0098DA60 /* Pods-companion.debug.xcconfig */ = {isa = PBXFileReference; fileEncoding = 4; lastKnownFileType = text.xcconfig; name = "Pods-companion.debug.xcconfig"; path = "Pods/Target Support Files/Pods-companion/Pods-companion.debug.xcconfig"; sourceTree = "<group>"; };
		9CA4CF011B41B96B0098DA60 /* Pods-companion.release.xcconfig */ = {isa = PBXFileReference; fileEncoding = 4; lastKnownFileType = text.xcconfig; name = "Pods-companion.release.xcconfig"; path = "Pods/Target Support Files/Pods-companion/Pods-companion.release.xcconfig"; sourceTree = "<group>"; };
		9CADB1521B400CEE008EE854 /* HomeViewController.swift */ = {isa = PBXFileReference; fileEncoding = 4; lastKnownFileType = sourcecode.swift; path = HomeViewController.swift; sourceTree = "<group>"; };
		9CC0AC341B5C2E5B002D12A0 /* WhiteGradientViewController.swift */ = {isa = PBXFileReference; fileEncoding = 4; lastKnownFileType = sourcecode.swift; name = WhiteGradientViewController.swift; path = Colors/WhiteGradientViewController.swift; sourceTree = "<group>"; };
		9CC0AC361B5D27D5002D12A0 /* ColorViewController.swift */ = {isa = PBXFileReference; fileEncoding = 4; lastKnownFileType = sourcecode.swift; name = ColorViewController.swift; path = Colors/ColorViewController.swift; sourceTree = "<group>"; };
		9CDA27EB1B446AA000E8AEBA /* TargetModelWrapper.swift */ = {isa = PBXFileReference; fileEncoding = 4; lastKnownFileType = sourcecode.swift; path = TargetModelWrapper.swift; sourceTree = "<group>"; };
		9CEB138C1B402E1D003D5A9B /* TutorialView.swift */ = {isa = PBXFileReference; fileEncoding = 4; lastKnownFileType = sourcecode.swift; name = TutorialView.swift; path = ViewControllers/Tutorial/TutorialView.swift; sourceTree = "<group>"; };
		9CED936F1B5FFC2900F18BFC /* HeaderTableViewController.swift */ = {isa = PBXFileReference; fileEncoding = 4; lastKnownFileType = sourcecode.swift; path = HeaderTableViewController.swift; sourceTree = "<group>"; };
		9CED93721B5FFF6D00F18BFC /* IntensitiesListViewController.swift */ = {isa = PBXFileReference; fileEncoding = 4; lastKnownFileType = sourcecode.swift; name = IntensitiesListViewController.swift; path = Intensities/IntensitiesListViewController.swift; sourceTree = "<group>"; };
		9CED93741B5FFFFA00F18BFC /* IntensityModelWrapper.swift */ = {isa = PBXFileReference; fileEncoding = 4; lastKnownFileType = sourcecode.swift; path = IntensityModelWrapper.swift; sourceTree = "<group>"; };
		9CED93761B60070800F18BFC /* IntensityTableViewCell.swift */ = {isa = PBXFileReference; fileEncoding = 4; lastKnownFileType = sourcecode.swift; name = IntensityTableViewCell.swift; path = Intensities/IntensityTableViewCell.swift; sourceTree = "<group>"; };
		F1855C7613C98F9358436270 /* libPods-companion.a */ = {isa = PBXFileReference; explicitFileType = archive.ar; includeInIndex = 0; path = "libPods-companion.a"; sourceTree = BUILT_PRODUCTS_DIR; };
/* End PBXFileReference section */

/* Begin PBXFrameworksBuildPhase section */
		9C0A2DC4197F9ADE00D94B5F /* Frameworks */ = {
			isa = PBXFrameworksBuildPhase;
			buildActionMask = 2147483647;
			files = (
				B28A294A2806C04773021A56 /* libPods.a in Frameworks */,
				C6DC03D98999DBB3DEA72B72 /* libPods-companion.a in Frameworks */,
			);
			runOnlyForDeploymentPostprocessing = 0;
		};
		9C0A2DEA197F9BA200D94B5F /* Frameworks */ = {
			isa = PBXFrameworksBuildPhase;
			buildActionMask = 2147483647;
			files = (
				9C0A2DF0197F9BA200D94B5F /* NotificationCenter.framework in Frameworks */,
				5242DD0447F92B6D930229EE /* libPods.a in Frameworks */,
			);
			runOnlyForDeploymentPostprocessing = 0;
		};
		9C7D1F401A7BCB230091CDE5 /* Frameworks */ = {
			isa = PBXFrameworksBuildPhase;
			buildActionMask = 2147483647;
			files = (
				1685B5FD7165A9F8C1090619 /* libPods.a in Frameworks */,
			);
			runOnlyForDeploymentPostprocessing = 0;
		};
		FC251F432724B2E6F38C1074 /* Frameworks */ = {
			isa = PBXFrameworksBuildPhase;
			buildActionMask = 2147483647;
			files = (
				CD749ACCC455CC5B14E52085 /* libPods.a in Frameworks */,
			);
			runOnlyForDeploymentPostprocessing = 0;
		};
/* End PBXFrameworksBuildPhase section */

/* Begin PBXGroup section */
		9C0A2DBE197F9ADE00D94B5F = {
			isa = PBXGroup;
			children = (
				9C0A2DC9197F9ADE00D94B5F /* LiFX Widget Companion */,
				9C0A2DF1197F9BA200D94B5F /* LiFX Widget */,
				9C7D1F441A7BCB230091CDE5 /* LiFX Widget Companion WatchKit Extension */,
				9C7D1F511A7BCB230091CDE5 /* LiFX Widget Companion WatchKit App */,
				9C780E11198ECCAD00FA4826 /* Common */,
				9C0A2DEE197F9BA200D94B5F /* Frameworks */,
				9C0A2DC8197F9ADE00D94B5F /* Products */,
				9D3BEE1C30B92E2453F38B13 /* Pods */,
			);
			sourceTree = "<group>";
		};
		9C0A2DC8197F9ADE00D94B5F /* Products */ = {
			isa = PBXGroup;
			children = (
				9C0A2DC7197F9ADE00D94B5F /* LiFX Widget Companion.app */,
				9C0A2DED197F9BA200D94B5F /* com.maxime-dechalendar.LiFXWidget.LiFX-Widget.appex */,
				9C7D1F431A7BCB230091CDE5 /* LiFX Widget Companion WatchKit Extension.appex */,
				9C7D1F4D1A7BCB230091CDE5 /* LiFX Widget Companion WatchKit App.app */,
			);
			name = Products;
			sourceTree = "<group>";
		};
		9C0A2DC9197F9ADE00D94B5F /* LiFX Widget Companion */ = {
			isa = PBXGroup;
			children = (
				9C2F54BF1995788A0027A6A1 /* LiFX Widget Companion.entitlements */,
				9C0A2DD0197F9ADE00D94B5F /* Main.storyboard */,
				9C295F7A1B56CE4D00115F6D /* Launch Screen.xib */,
				9C780E0E198ECC8F00FA4826 /* ViewControllers */,
				9C295F791B56C7D300115F6D /* Reusable Views */,
				9C780E12198ECCCB00FA4826 /* Other sources */,
				9C780E13198ECCDA00FA4826 /* Resources */,
				9C0A2DCA197F9ADE00D94B5F /* Supporting Files */,
			);
			path = "LiFX Widget Companion";
			sourceTree = "<group>";
		};
		9C0A2DCA197F9ADE00D94B5F /* Supporting Files */ = {
			isa = PBXGroup;
			children = (
				9C0A2DCB197F9ADE00D94B5F /* Info.plist */,
			);
			path = "Supporting Files";
			sourceTree = "<group>";
		};
		9C0A2DEE197F9BA200D94B5F /* Frameworks */ = {
			isa = PBXGroup;
			children = (
				9C0A2DEF197F9BA200D94B5F /* NotificationCenter.framework */,
				53BECFF9261DD4A883082A9E /* libPods.a */,
				F1855C7613C98F9358436270 /* libPods-companion.a */,
			);
			name = Frameworks;
			sourceTree = "<group>";
		};
		9C0A2DF1197F9BA200D94B5F /* LiFX Widget */ = {
			isa = PBXGroup;
			children = (
				9C2F54C01995788E0027A6A1 /* com.maxime-dechalendar.LiFXWidget.LiFX-Widget.entitlements */,
				9C0A2DF6197F9BA200D94B5F /* MainInterface.storyboard */,
				9C4E2F33198EBFD8009175BE /* ViewControllers */,
				9C53FBD819BA3DF800BBE65E /* Resources */,
				9C0A2DF2197F9BA200D94B5F /* Supporting Files */,
			);
			path = "LiFX Widget";
			sourceTree = "<group>";
		};
		9C0A2DF2197F9BA200D94B5F /* Supporting Files */ = {
			isa = PBXGroup;
			children = (
				9C0A2DF3197F9BA200D94B5F /* Info.plist */,
			);
			path = "Supporting Files";
			sourceTree = "<group>";
		};
		9C295F791B56C7D300115F6D /* Reusable Views */ = {
			isa = PBXGroup;
			children = (
				9C295F771B56C7CF00115F6D /* SeparatorView.swift */,
			);
			name = "Reusable Views";
			sourceTree = "<group>";
		};
		9C4E2F33198EBFD8009175BE /* ViewControllers */ = {
			isa = PBXGroup;
			children = (
				9C0A2DF4197F9BA200D94B5F /* ExtensionViewController.swift */,
			);
			path = ViewControllers;
			sourceTree = "<group>";
		};
		9C53FBD819BA3DF800BBE65E /* Resources */ = {
			isa = PBXGroup;
			children = (
			);
			name = Resources;
			sourceTree = "<group>";
		};
		9C5BEA581B47B9C400F71519 /* Target picker */ = {
			isa = PBXGroup;
			children = (
				9C5BEA591B47BA0000F71519 /* TargetPickerViewController.swift */,
				9C4F06161B4C3CC5004980CB /* TargetTableViewCell.swift */,
				9C4F06181B4D98CD004980CB /* TargetSelectedView.swift */,
			);
			name = "Target picker";
			sourceTree = "<group>";
		};
		9C69BE7D1B5A346400EEFAE2 /* Colors */ = {
			isa = PBXGroup;
			children = (
				9C69BE7E1B5A350C00EEFAE2 /* ColorsListViewController.swift */,
				9C96FC7E1B5A40310066C50C /* ColorTableViewCell.swift */,
				9C96FC801B5A4DA10066C50C /* ColorPickerViewController.swift */,
				9CC0AC361B5D27D5002D12A0 /* ColorViewController.swift */,
				9CC0AC341B5C2E5B002D12A0 /* WhiteGradientViewController.swift */,
			);
			name = Colors;
			sourceTree = "<group>";
		};
		9C780E0E198ECC8F00FA4826 /* ViewControllers */ = {
			isa = PBXGroup;
			children = (
				9CEB138E1B402E21003D5A9B /* Tutorial */,
				9C5BEA581B47B9C400F71519 /* Target picker */,
				9C69BE7D1B5A346400EEFAE2 /* Colors */,
				9CED93711B5FFF5A00F18BFC /* Intensities */,
				9CADB1521B400CEE008EE854 /* HomeViewController.swift */,
				9CED936F1B5FFC2900F18BFC /* HeaderTableViewController.swift */,
			);
			path = ViewControllers;
			sourceTree = "<group>";
		};
		9C780E11198ECCAD00FA4826 /* Common */ = {
			isa = PBXGroup;
			children = (
				9C7E72AF197FBB5F00BFC0E7 /* LiFXWidget-Bridging-Header.h */,
			);
			path = Common;
			sourceTree = "<group>";
		};
		9C780E12198ECCCB00FA4826 /* Other sources */ = {
			isa = PBXGroup;
			children = (
				9C0A2DCC197F9ADE00D94B5F /* AppDelegate.swift */,
				9CDA27EB1B446AA000E8AEBA /* TargetModelWrapper.swift */,
				9CED93741B5FFFFA00F18BFC /* IntensityModelWrapper.swift */,
				9C43D9891B41523A00AA7719 /* SettingsPersistanceManager.swift */,
				9C96FC881B5A8A790066C50C /* Delay.swift */,
				9C96FC861B5A5AB30066C50C /* UIColor+Simplify.swift */,
				9C31F99D1B5ED23F00445CF7 /* LIFXKelvin+Calculations.swift */,
			);
			path = "Other sources";
			sourceTree = "<group>";
		};
		9C780E13198ECCDA00FA4826 /* Resources */ = {
			isa = PBXGroup;
			children = (
				9C77A4CD19D16FEC000ADD99 /* Images.xcassets */,
				9C8813281B41AC270062DD86 /* Icons.xcassets */,
			);
			path = Resources;
			sourceTree = "<group>";
		};
		9C7D1F441A7BCB230091CDE5 /* LiFX Widget Companion WatchKit Extension */ = {
			isa = PBXGroup;
			children = (
				9C6784311A7BCE1100A3E82E /* LiFX Widget Companion WatchKit Extension.entitlements */,
				9C295F751B56C4CA00115F6D /* InterfaceController.swift */,
				9C7D1F451A7BCB230091CDE5 /* Supporting Files */,
			);
			path = "LiFX Widget Companion WatchKit Extension";
			sourceTree = "<group>";
		};
		9C7D1F451A7BCB230091CDE5 /* Supporting Files */ = {
			isa = PBXGroup;
			children = (
				9C7D1F461A7BCB230091CDE5 /* Info.plist */,
			);
			name = "Supporting Files";
			sourceTree = "<group>";
		};
		9C7D1F511A7BCB230091CDE5 /* LiFX Widget Companion WatchKit App */ = {
			isa = PBXGroup;
			children = (
				9C7D1F541A7BCB230091CDE5 /* Interface.storyboard */,
				9C7D1F571A7BCB230091CDE5 /* Images.xcassets */,
				9C7D1F521A7BCB230091CDE5 /* Supporting Files */,
			);
			path = "LiFX Widget Companion WatchKit App";
			sourceTree = "<group>";
		};
		9C7D1F521A7BCB230091CDE5 /* Supporting Files */ = {
			isa = PBXGroup;
			children = (
				9C7D1F531A7BCB230091CDE5 /* Info.plist */,
			);
			name = "Supporting Files";
			sourceTree = "<group>";
		};
		9C8813251B417F060062DD86 /* OAuthTokenPicker */ = {
			isa = PBXGroup;
			children = (
				9C8813261B417F2F0062DD86 /* OAuthTokenPickerViewController.swift */,
			);
			name = OAuthTokenPicker;
			sourceTree = "<group>";
		};
		9CEB138E1B402E21003D5A9B /* Tutorial */ = {
			isa = PBXGroup;
			children = (
				9C43D9831B4130D000AA7719 /* TutorialViewController.swift */,
				9C43D9851B4132DE00AA7719 /* TutorialAnimatedTransitioning.swift */,
				9CEB138C1B402E1D003D5A9B /* TutorialView.swift */,
				9C8813251B417F060062DD86 /* OAuthTokenPicker */,
			);
			name = Tutorial;
			path = ..;
			sourceTree = "<group>";
		};
		9CED93711B5FFF5A00F18BFC /* Intensities */ = {
			isa = PBXGroup;
			children = (
				9CED93721B5FFF6D00F18BFC /* IntensitiesListViewController.swift */,
				9CED93761B60070800F18BFC /* IntensityTableViewCell.swift */,
			);
			name = Intensities;
			sourceTree = "<group>";
		};
		9D3BEE1C30B92E2453F38B13 /* Pods */ = {
			isa = PBXGroup;
			children = (
				9CA4CF001B41B96B0098DA60 /* Pods-companion.debug.xcconfig */,
				9CA4CF011B41B96B0098DA60 /* Pods-companion.release.xcconfig */,
				9C1309911ABA049F0022E23B /* Pods.debug.xcconfig */,
				9C1309921ABA049F0022E23B /* Pods.release.xcconfig */,
			);
			name = Pods;
			sourceTree = "<group>";
		};
/* End PBXGroup section */

/* Begin PBXNativeTarget section */
		9C0A2DC6197F9ADE00D94B5F /* LiFX Widget Companion */ = {
			isa = PBXNativeTarget;
			buildConfigurationList = 9C0A2DE3197F9ADE00D94B5F /* Build configuration list for PBXNativeTarget "LiFX Widget Companion" */;
			buildPhases = (
				72032E4C2AE0444E8F5ECEF1 /* Check Pods Manifest.lock */,
				9C0A2DC3197F9ADE00D94B5F /* Sources */,
				9C0A2DC4197F9ADE00D94B5F /* Frameworks */,
				9C0A2DC5197F9ADE00D94B5F /* Resources */,
				9C0A2E00197F9BA200D94B5F /* Embed App Extensions */,
				533B7214A71F42A78DC8FE68 /* Copy Pods Resources */,
			);
			buildRules = (
			);
			dependencies = (
				9C0A2DF9197F9BA200D94B5F /* PBXTargetDependency */,
				9C0A2DFC197F9BA200D94B5F /* PBXTargetDependency */,
				9C7D1F5A1A7BCB230091CDE5 /* PBXTargetDependency */,
			);
			name = "LiFX Widget Companion";
			productName = LiFXWidget;
			productReference = 9C0A2DC7197F9ADE00D94B5F /* LiFX Widget Companion.app */;
			productType = "com.apple.product-type.application";
		};
		9C0A2DEC197F9BA200D94B5F /* LiFX Widget */ = {
			isa = PBXNativeTarget;
			buildConfigurationList = 9C0A2DFD197F9BA200D94B5F /* Build configuration list for PBXNativeTarget "LiFX Widget" */;
			buildPhases = (
				25811F87FD734FCCB3BB52B9 /* Check Pods Manifest.lock */,
				9C0A2DE9197F9BA200D94B5F /* Sources */,
				9C0A2DEA197F9BA200D94B5F /* Frameworks */,
				9C0A2DEB197F9BA200D94B5F /* Resources */,
				457BE06F6565409CB4866770 /* Copy Pods Resources */,
			);
			buildRules = (
			);
			dependencies = (
			);
			name = "LiFX Widget";
			productName = LiFXWidgetExtension;
			productReference = 9C0A2DED197F9BA200D94B5F /* com.maxime-dechalendar.LiFXWidget.LiFX-Widget.appex */;
			productType = "com.apple.product-type.app-extension";
		};
		9C7D1F421A7BCB230091CDE5 /* LiFX Widget Companion WatchKit Extension */ = {
			isa = PBXNativeTarget;
			buildConfigurationList = 9C7D1F611A7BCB230091CDE5 /* Build configuration list for PBXNativeTarget "LiFX Widget Companion WatchKit Extension" */;
			buildPhases = (
				A48537FFA7188E4B7E0954D7 /* Check Pods Manifest.lock */,
				9C7D1F3F1A7BCB230091CDE5 /* Sources */,
				9C7D1F401A7BCB230091CDE5 /* Frameworks */,
				9C7D1F411A7BCB230091CDE5 /* Resources */,
				454E18194FF61083C8D7FEB8 /* Copy Pods Resources */,
			);
			buildRules = (
			);
			dependencies = (
				9C7D1F501A7BCB230091CDE5 /* PBXTargetDependency */,
			);
			name = "LiFX Widget Companion WatchKit Extension";
			productName = "LiFX Widget Companion WatchKit Extension";
			productReference = 9C7D1F431A7BCB230091CDE5 /* LiFX Widget Companion WatchKit Extension.appex */;
			productType = "com.apple.product-type.watchkit-extension";
		};
		9C7D1F4C1A7BCB230091CDE5 /* LiFX Widget Companion WatchKit App */ = {
			isa = PBXNativeTarget;
			buildConfigurationList = 9C7D1F601A7BCB230091CDE5 /* Build configuration list for PBXNativeTarget "LiFX Widget Companion WatchKit App" */;
			buildPhases = (
				49784D1F3AEE95099FD735C2 /* Check Pods Manifest.lock */,
				9C7D1F4B1A7BCB230091CDE5 /* Resources */,
				FC251F432724B2E6F38C1074 /* Frameworks */,
				0AA5D70B4F9A9E40DA5B2ED0 /* Copy Pods Resources */,
			);
			buildRules = (
			);
			dependencies = (
			);
			name = "LiFX Widget Companion WatchKit App";
			productName = "LiFX Widget Companion WatchKit App";
			productReference = 9C7D1F4D1A7BCB230091CDE5 /* LiFX Widget Companion WatchKit App.app */;
			productType = "com.apple.product-type.application.watchapp";
		};
/* End PBXNativeTarget section */

/* Begin PBXProject section */
		9C0A2DBF197F9ADE00D94B5F /* Project object */ = {
			isa = PBXProject;
			attributes = {
				LastUpgradeCheck = 0630;
				ORGANIZATIONNAME = "Maxime de Chalendar";
				TargetAttributes = {
					9C0A2DC6197F9ADE00D94B5F = {
						CreatedOnToolsVersion = 6.0;
						DevelopmentTeam = 8DGT2SD8VC;
						SystemCapabilities = {
							com.apple.ApplicationGroups.iOS = {
								enabled = 1;
							};
						};
					};
					9C0A2DEC197F9BA200D94B5F = {
						CreatedOnToolsVersion = 6.0;
						DevelopmentTeam = 8DGT2SD8VC;
						SystemCapabilities = {
							com.apple.ApplicationGroups.iOS = {
								enabled = 1;
							};
						};
					};
					9C7D1F421A7BCB230091CDE5 = {
						CreatedOnToolsVersion = 6.2;
						DevelopmentTeam = 8DGT2SD8VC;
						SystemCapabilities = {
							com.apple.ApplicationGroups.iOS = {
								enabled = 1;
							};
						};
					};
					9C7D1F4C1A7BCB230091CDE5 = {
						CreatedOnToolsVersion = 6.2;
						DevelopmentTeam = 8DGT2SD8VC;
					};
				};
			};
			buildConfigurationList = 9C0A2DC2197F9ADE00D94B5F /* Build configuration list for PBXProject "LiFX Widget" */;
			compatibilityVersion = "Xcode 3.2";
			developmentRegion = English;
			hasScannedForEncodings = 0;
			knownRegions = (
				en,
				Base,
			);
			mainGroup = 9C0A2DBE197F9ADE00D94B5F;
			productRefGroup = 9C0A2DC8197F9ADE00D94B5F /* Products */;
			projectDirPath = "";
			projectRoot = "";
			targets = (
				9C0A2DC6197F9ADE00D94B5F /* LiFX Widget Companion */,
				9C0A2DEC197F9BA200D94B5F /* LiFX Widget */,
				9C7D1F421A7BCB230091CDE5 /* LiFX Widget Companion WatchKit Extension */,
				9C7D1F4C1A7BCB230091CDE5 /* LiFX Widget Companion WatchKit App */,
			);
		};
/* End PBXProject section */

/* Begin PBXResourcesBuildPhase section */
		9C0A2DC5197F9ADE00D94B5F /* Resources */ = {
			isa = PBXResourcesBuildPhase;
			buildActionMask = 2147483647;
			files = (
				9C0A2DD2197F9ADE00D94B5F /* Main.storyboard in Resources */,
				9C295F7C1B56CE4D00115F6D /* Launch Screen.xib in Resources */,
				9C8813291B41AC270062DD86 /* Icons.xcassets in Resources */,
				9C77A4CE19D16FEC000ADD99 /* Images.xcassets in Resources */,
			);
			runOnlyForDeploymentPostprocessing = 0;
		};
		9C0A2DEB197F9BA200D94B5F /* Resources */ = {
			isa = PBXResourcesBuildPhase;
			buildActionMask = 2147483647;
			files = (
				9C0A2DF7197F9BA200D94B5F /* MainInterface.storyboard in Resources */,
			);
			runOnlyForDeploymentPostprocessing = 0;
		};
		9C7D1F411A7BCB230091CDE5 /* Resources */ = {
			isa = PBXResourcesBuildPhase;
			buildActionMask = 2147483647;
			files = (
				9C7D1F4E1A7BCB230091CDE5 /* LiFX Widget Companion WatchKit App.app in Resources */,
			);
			runOnlyForDeploymentPostprocessing = 0;
		};
		9C7D1F4B1A7BCB230091CDE5 /* Resources */ = {
			isa = PBXResourcesBuildPhase;
			buildActionMask = 2147483647;
			files = (
				9C7D1F561A7BCB230091CDE5 /* Interface.storyboard in Resources */,
				9C7D1F581A7BCB230091CDE5 /* Images.xcassets in Resources */,
			);
			runOnlyForDeploymentPostprocessing = 0;
		};
/* End PBXResourcesBuildPhase section */

/* Begin PBXShellScriptBuildPhase section */
		0AA5D70B4F9A9E40DA5B2ED0 /* Copy Pods Resources */ = {
			isa = PBXShellScriptBuildPhase;
			buildActionMask = 2147483647;
			files = (
			);
			inputPaths = (
			);
			name = "Copy Pods Resources";
			outputPaths = (
			);
			runOnlyForDeploymentPostprocessing = 0;
			shellPath = /bin/sh;
			shellScript = "\"${SRCROOT}/Pods/Target Support Files/Pods/Pods-resources.sh\"\n";
			showEnvVarsInLog = 0;
		};
		25811F87FD734FCCB3BB52B9 /* Check Pods Manifest.lock */ = {
			isa = PBXShellScriptBuildPhase;
			buildActionMask = 2147483647;
			files = (
			);
			inputPaths = (
			);
			name = "Check Pods Manifest.lock";
			outputPaths = (
			);
			runOnlyForDeploymentPostprocessing = 0;
			shellPath = /bin/sh;
			shellScript = "diff \"${PODS_ROOT}/../Podfile.lock\" \"${PODS_ROOT}/Manifest.lock\" > /dev/null\nif [[ $? != 0 ]] ; then\n    cat << EOM\nerror: The sandbox is not in sync with the Podfile.lock. Run 'pod install' or update your CocoaPods installation.\nEOM\n    exit 1\nfi\n";
			showEnvVarsInLog = 0;
		};
		454E18194FF61083C8D7FEB8 /* Copy Pods Resources */ = {
			isa = PBXShellScriptBuildPhase;
			buildActionMask = 2147483647;
			files = (
			);
			inputPaths = (
			);
			name = "Copy Pods Resources";
			outputPaths = (
			);
			runOnlyForDeploymentPostprocessing = 0;
			shellPath = /bin/sh;
			shellScript = "\"${SRCROOT}/Pods/Target Support Files/Pods/Pods-resources.sh\"\n";
			showEnvVarsInLog = 0;
		};
		457BE06F6565409CB4866770 /* Copy Pods Resources */ = {
			isa = PBXShellScriptBuildPhase;
			buildActionMask = 2147483647;
			files = (
			);
			inputPaths = (
			);
			name = "Copy Pods Resources";
			outputPaths = (
			);
			runOnlyForDeploymentPostprocessing = 0;
			shellPath = /bin/sh;
			shellScript = "\"${SRCROOT}/Pods/Target Support Files/Pods/Pods-resources.sh\"\n";
			showEnvVarsInLog = 0;
		};
		49784D1F3AEE95099FD735C2 /* Check Pods Manifest.lock */ = {
			isa = PBXShellScriptBuildPhase;
			buildActionMask = 2147483647;
			files = (
			);
			inputPaths = (
			);
			name = "Check Pods Manifest.lock";
			outputPaths = (
			);
			runOnlyForDeploymentPostprocessing = 0;
			shellPath = /bin/sh;
			shellScript = "diff \"${PODS_ROOT}/../Podfile.lock\" \"${PODS_ROOT}/Manifest.lock\" > /dev/null\nif [[ $? != 0 ]] ; then\n    cat << EOM\nerror: The sandbox is not in sync with the Podfile.lock. Run 'pod install' or update your CocoaPods installation.\nEOM\n    exit 1\nfi\n";
			showEnvVarsInLog = 0;
		};
		533B7214A71F42A78DC8FE68 /* Copy Pods Resources */ = {
			isa = PBXShellScriptBuildPhase;
			buildActionMask = 2147483647;
			files = (
			);
			inputPaths = (
			);
			name = "Copy Pods Resources";
			outputPaths = (
			);
			runOnlyForDeploymentPostprocessing = 0;
			shellPath = /bin/sh;
			shellScript = "\"${SRCROOT}/Pods/Target Support Files/Pods-companion/Pods-companion-resources.sh\"\n";
			showEnvVarsInLog = 0;
		};
		72032E4C2AE0444E8F5ECEF1 /* Check Pods Manifest.lock */ = {
			isa = PBXShellScriptBuildPhase;
			buildActionMask = 2147483647;
			files = (
			);
			inputPaths = (
			);
			name = "Check Pods Manifest.lock";
			outputPaths = (
			);
			runOnlyForDeploymentPostprocessing = 0;
			shellPath = /bin/sh;
			shellScript = "diff \"${PODS_ROOT}/../Podfile.lock\" \"${PODS_ROOT}/Manifest.lock\" > /dev/null\nif [[ $? != 0 ]] ; then\n    cat << EOM\nerror: The sandbox is not in sync with the Podfile.lock. Run 'pod install' or update your CocoaPods installation.\nEOM\n    exit 1\nfi\n";
			showEnvVarsInLog = 0;
		};
		A48537FFA7188E4B7E0954D7 /* Check Pods Manifest.lock */ = {
			isa = PBXShellScriptBuildPhase;
			buildActionMask = 2147483647;
			files = (
			);
			inputPaths = (
			);
			name = "Check Pods Manifest.lock";
			outputPaths = (
			);
			runOnlyForDeploymentPostprocessing = 0;
			shellPath = /bin/sh;
			shellScript = "diff \"${PODS_ROOT}/../Podfile.lock\" \"${PODS_ROOT}/Manifest.lock\" > /dev/null\nif [[ $? != 0 ]] ; then\n    cat << EOM\nerror: The sandbox is not in sync with the Podfile.lock. Run 'pod install' or update your CocoaPods installation.\nEOM\n    exit 1\nfi\n";
			showEnvVarsInLog = 0;
		};
/* End PBXShellScriptBuildPhase section */

/* Begin PBXSourcesBuildPhase section */
		9C0A2DC3197F9ADE00D94B5F /* Sources */ = {
			isa = PBXSourcesBuildPhase;
			buildActionMask = 2147483647;
			files = (
				9CED93731B5FFF6D00F18BFC /* IntensitiesListViewController.swift in Sources */,
				9C43D98A1B41523A00AA7719 /* SettingsPersistanceManager.swift in Sources */,
				9CED93751B5FFFFA00F18BFC /* IntensityModelWrapper.swift in Sources */,
				9C31F99E1B5ED23F00445CF7 /* LIFXKelvin+Calculations.swift in Sources */,
				9C96FC7F1B5A40310066C50C /* ColorTableViewCell.swift in Sources */,
				9C4F06191B4D98CD004980CB /* TargetSelectedView.swift in Sources */,
				9C69BE7F1B5A350C00EEFAE2 /* ColorsListViewController.swift in Sources */,
				9C0A2DCD197F9ADE00D94B5F /* AppDelegate.swift in Sources */,
				9C96FC811B5A4DA10066C50C /* ColorPickerViewController.swift in Sources */,
				9CED93771B60070800F18BFC /* IntensityTableViewCell.swift in Sources */,
				9C96FC871B5A5AB30066C50C /* UIColor+Simplify.swift in Sources */,
				9C4F06171B4C3CC5004980CB /* TargetTableViewCell.swift in Sources */,
				9CED93701B5FFC2900F18BFC /* HeaderTableViewController.swift in Sources */,
				9CC0AC351B5C2E5B002D12A0 /* WhiteGradientViewController.swift in Sources */,
				9CC0AC371B5D27D5002D12A0 /* ColorViewController.swift in Sources */,
				9C5BEA5A1B47BA0000F71519 /* TargetPickerViewController.swift in Sources */,
				9CADB1531B400CEE008EE854 /* HomeViewController.swift in Sources */,
				9C295F781B56C7CF00115F6D /* SeparatorView.swift in Sources */,
				9C43D9841B4130D000AA7719 /* TutorialViewController.swift in Sources */,
				9C96FC891B5A8A790066C50C /* Delay.swift in Sources */,
				9CDA27EC1B446AA000E8AEBA /* TargetModelWrapper.swift in Sources */,
				9CEB138D1B402E1D003D5A9B /* TutorialView.swift in Sources */,
				9C8813271B417F2F0062DD86 /* OAuthTokenPickerViewController.swift in Sources */,
				9C43D9861B4132DE00AA7719 /* TutorialAnimatedTransitioning.swift in Sources */,
			);
			runOnlyForDeploymentPostprocessing = 0;
		};
		9C0A2DE9197F9BA200D94B5F /* Sources */ = {
			isa = PBXSourcesBuildPhase;
			buildActionMask = 2147483647;
			files = (
				9C0A2DF5197F9BA200D94B5F /* ExtensionViewController.swift in Sources */,
			);
			runOnlyForDeploymentPostprocessing = 0;
		};
		9C7D1F3F1A7BCB230091CDE5 /* Sources */ = {
			isa = PBXSourcesBuildPhase;
			buildActionMask = 2147483647;
			files = (
				9C295F761B56C4CA00115F6D /* InterfaceController.swift in Sources */,
			);
			runOnlyForDeploymentPostprocessing = 0;
		};
/* End PBXSourcesBuildPhase section */

/* Begin PBXTargetDependency section */
		9C0A2DF9197F9BA200D94B5F /* PBXTargetDependency */ = {
			isa = PBXTargetDependency;
			target = 9C0A2DEC197F9BA200D94B5F /* LiFX Widget */;
			targetProxy = 9C0A2DF8197F9BA200D94B5F /* PBXContainerItemProxy */;
		};
		9C0A2DFC197F9BA200D94B5F /* PBXTargetDependency */ = {
			isa = PBXTargetDependency;
			target = 9C0A2DEC197F9BA200D94B5F /* LiFX Widget */;
			targetProxy = 9C0A2DFB197F9BA200D94B5F /* PBXContainerItemProxy */;
		};
		9C7D1F501A7BCB230091CDE5 /* PBXTargetDependency */ = {
			isa = PBXTargetDependency;
			target = 9C7D1F4C1A7BCB230091CDE5 /* LiFX Widget Companion WatchKit App */;
			targetProxy = 9C7D1F4F1A7BCB230091CDE5 /* PBXContainerItemProxy */;
		};
		9C7D1F5A1A7BCB230091CDE5 /* PBXTargetDependency */ = {
			isa = PBXTargetDependency;
			target = 9C7D1F421A7BCB230091CDE5 /* LiFX Widget Companion WatchKit Extension */;
			targetProxy = 9C7D1F591A7BCB230091CDE5 /* PBXContainerItemProxy */;
		};
/* End PBXTargetDependency section */

/* Begin PBXVariantGroup section */
		9C0A2DD0197F9ADE00D94B5F /* Main.storyboard */ = {
			isa = PBXVariantGroup;
			children = (
				9C0A2DD1197F9ADE00D94B5F /* Base */,
			);
			name = Main.storyboard;
			sourceTree = "<group>";
		};
		9C295F7A1B56CE4D00115F6D /* Launch Screen.xib */ = {
			isa = PBXVariantGroup;
			children = (
				9C295F7B1B56CE4D00115F6D /* Base */,
			);
			name = "Launch Screen.xib";
			sourceTree = "<group>";
		};
		9C7D1F541A7BCB230091CDE5 /* Interface.storyboard */ = {
			isa = PBXVariantGroup;
			children = (
				9C7D1F551A7BCB230091CDE5 /* Base */,
			);
			name = Interface.storyboard;
			sourceTree = "<group>";
		};
/* End PBXVariantGroup section */

/* Begin XCBuildConfiguration section */
		9C0A2DE1197F9ADE00D94B5F /* Debug */ = {
			isa = XCBuildConfiguration;
			buildSettings = {
				ALWAYS_SEARCH_USER_PATHS = YES;
				CLANG_CXX_LANGUAGE_STANDARD = "gnu++0x";
				CLANG_CXX_LIBRARY = "libc++";
				CLANG_ENABLE_MODULES = YES;
				CLANG_ENABLE_OBJC_ARC = YES;
				CLANG_WARN_BOOL_CONVERSION = YES;
				CLANG_WARN_CONSTANT_CONVERSION = YES;
				CLANG_WARN_DIRECT_OBJC_ISA_USAGE = YES_ERROR;
				CLANG_WARN_EMPTY_BODY = YES;
				CLANG_WARN_ENUM_CONVERSION = YES;
				CLANG_WARN_INT_CONVERSION = YES;
				CLANG_WARN_OBJC_ROOT_CLASS = YES_ERROR;
				CLANG_WARN_UNREACHABLE_CODE = YES;
				CLANG_WARN__DUPLICATE_METHOD_MATCH = YES;
				CODE_SIGN_IDENTITY = "iPhone Developer";
				COPY_PHASE_STRIP = NO;
				ENABLE_STRICT_OBJC_MSGSEND = YES;
				GCC_C_LANGUAGE_STANDARD = gnu99;
				GCC_DYNAMIC_NO_PIC = NO;
				GCC_OPTIMIZATION_LEVEL = 0;
				GCC_PREPROCESSOR_DEFINITIONS = (
					"DEBUG=1",
					"$(inherited)",
				);
				GCC_SYMBOLS_PRIVATE_EXTERN = NO;
				GCC_WARN_64_TO_32_BIT_CONVERSION = YES;
				GCC_WARN_ABOUT_RETURN_TYPE = YES_ERROR;
				GCC_WARN_UNDECLARED_SELECTOR = YES;
				GCC_WARN_UNINITIALIZED_AUTOS = YES_AGGRESSIVE;
				GCC_WARN_UNUSED_FUNCTION = YES;
				GCC_WARN_UNUSED_VARIABLE = YES;
				IPHONEOS_DEPLOYMENT_TARGET = 8.0;
				METAL_ENABLE_DEBUG_INFO = YES;
				ONLY_ACTIVE_ARCH = YES;
				SDKROOT = iphoneos;
				SWIFT_OBJC_BRIDGING_HEADER = "$(SRCROOT)/Common/LiFXWidget-Bridging-Header.h";
				SWIFT_OPTIMIZATION_LEVEL = "-Onone";
			};
			name = Debug;
		};
		9C0A2DE2197F9ADE00D94B5F /* Release */ = {
			isa = XCBuildConfiguration;
			buildSettings = {
				ALWAYS_SEARCH_USER_PATHS = YES;
				CLANG_CXX_LANGUAGE_STANDARD = "gnu++0x";
				CLANG_CXX_LIBRARY = "libc++";
				CLANG_ENABLE_MODULES = YES;
				CLANG_ENABLE_OBJC_ARC = YES;
				CLANG_WARN_BOOL_CONVERSION = YES;
				CLANG_WARN_CONSTANT_CONVERSION = YES;
				CLANG_WARN_DIRECT_OBJC_ISA_USAGE = YES_ERROR;
				CLANG_WARN_EMPTY_BODY = YES;
				CLANG_WARN_ENUM_CONVERSION = YES;
				CLANG_WARN_INT_CONVERSION = YES;
				CLANG_WARN_OBJC_ROOT_CLASS = YES_ERROR;
				CLANG_WARN_UNREACHABLE_CODE = YES;
				CLANG_WARN__DUPLICATE_METHOD_MATCH = YES;
				CODE_SIGN_IDENTITY = "iPhone Distribution";
				COPY_PHASE_STRIP = YES;
				ENABLE_NS_ASSERTIONS = NO;
				ENABLE_STRICT_OBJC_MSGSEND = YES;
				GCC_C_LANGUAGE_STANDARD = gnu99;
				GCC_WARN_64_TO_32_BIT_CONVERSION = YES;
				GCC_WARN_ABOUT_RETURN_TYPE = YES_ERROR;
				GCC_WARN_UNDECLARED_SELECTOR = YES;
				GCC_WARN_UNINITIALIZED_AUTOS = YES_AGGRESSIVE;
				GCC_WARN_UNUSED_FUNCTION = YES;
				GCC_WARN_UNUSED_VARIABLE = YES;
				IPHONEOS_DEPLOYMENT_TARGET = 8.0;
				METAL_ENABLE_DEBUG_INFO = NO;
				SDKROOT = iphoneos;
				SWIFT_OBJC_BRIDGING_HEADER = "$(SRCROOT)/Common/LiFXWidget-Bridging-Header.h";
				VALIDATE_PRODUCT = YES;
			};
			name = Release;
		};
		9C0A2DE4197F9ADE00D94B5F /* Debug */ = {
			isa = XCBuildConfiguration;
			baseConfigurationReference = 9CA4CF001B41B96B0098DA60 /* Pods-companion.debug.xcconfig */;
			buildSettings = {
				ALWAYS_SEARCH_USER_PATHS = YES;
				ASSETCATALOG_COMPILER_APPICON_NAME = AppIcon;
				CLANG_ENABLE_MODULES = YES;
				CODE_SIGN_ENTITLEMENTS = "LiFX Widget Companion/LiFX Widget Companion.entitlements";
				EMBEDDED_CONTENT_CONTAINS_SWIFT = YES;
				INFOPLIST_FILE = "LiFX Widget Companion/Supporting Files/Info.plist";
				LD_RUNPATH_SEARCH_PATHS = "$(inherited) @executable_path/Frameworks";
				LIBRARY_SEARCH_PATHS = "$(inherited)";
				PRODUCT_NAME = "$(TARGET_NAME)";
				SWIFT_OPTIMIZATION_LEVEL = "-Onone";
				TARGETED_DEVICE_FAMILY = "1,2";
			};
			name = Debug;
		};
		9C0A2DE5197F9ADE00D94B5F /* Release */ = {
			isa = XCBuildConfiguration;
			baseConfigurationReference = 9CA4CF011B41B96B0098DA60 /* Pods-companion.release.xcconfig */;
			buildSettings = {
				ALWAYS_SEARCH_USER_PATHS = YES;
				ASSETCATALOG_COMPILER_APPICON_NAME = AppIcon;
				CLANG_ENABLE_MODULES = YES;
				CODE_SIGN_ENTITLEMENTS = "LiFX Widget Companion/LiFX Widget Companion.entitlements";
				EMBEDDED_CONTENT_CONTAINS_SWIFT = YES;
				INFOPLIST_FILE = "LiFX Widget Companion/Supporting Files/Info.plist";
				LD_RUNPATH_SEARCH_PATHS = "$(inherited) @executable_path/Frameworks";
				LIBRARY_SEARCH_PATHS = "$(inherited)";
				PRODUCT_NAME = "$(TARGET_NAME)";
				TARGETED_DEVICE_FAMILY = "1,2";
			};
			name = Release;
		};
		9C0A2DFE197F9BA200D94B5F /* Debug */ = {
			isa = XCBuildConfiguration;
			baseConfigurationReference = 9C1309911ABA049F0022E23B /* Pods.debug.xcconfig */;
			buildSettings = {
				ALWAYS_SEARCH_USER_PATHS = YES;
				CODE_SIGN_ENTITLEMENTS = "LiFX Widget/com.maxime-dechalendar.LiFXWidget.LiFX-Widget.entitlements";
				GCC_PREPROCESSOR_DEFINITIONS = (
					AF_APP_EXTENSIONS,
					"DEBUG=1",
					"$(inherited)",
				);
				INFOPLIST_FILE = "LiFX Widget/Supporting Files/Info.plist";
				LD_RUNPATH_SEARCH_PATHS = "$(inherited) @executable_path/Frameworks @executable_path/../../Frameworks";
				METAL_ENABLE_DEBUG_INFO = YES;
				PRODUCT_NAME = "com.maxime-dechalendar.LiFXWidget.$(TARGET_NAME:rfc1034identifier)";
				SKIP_INSTALL = YES;
				TARGETED_DEVICE_FAMILY = "1,2";
			};
			name = Debug;
		};
		9C0A2DFF197F9BA200D94B5F /* Release */ = {
			isa = XCBuildConfiguration;
			baseConfigurationReference = 9C1309921ABA049F0022E23B /* Pods.release.xcconfig */;
			buildSettings = {
				ALWAYS_SEARCH_USER_PATHS = YES;
				CODE_SIGN_ENTITLEMENTS = "LiFX Widget/com.maxime-dechalendar.LiFXWidget.LiFX-Widget.entitlements";
				GCC_PREPROCESSOR_DEFINITIONS = (
					AF_APP_EXTENSIONS,
					"$(inherited)",
					"COCOAPODS=1",
				);
				INFOPLIST_FILE = "LiFX Widget/Supporting Files/Info.plist";
				LD_RUNPATH_SEARCH_PATHS = "$(inherited) @executable_path/Frameworks @executable_path/../../Frameworks";
				METAL_ENABLE_DEBUG_INFO = NO;
				PRODUCT_NAME = "com.maxime-dechalendar.LiFXWidget.$(TARGET_NAME:rfc1034identifier)";
				SKIP_INSTALL = YES;
				TARGETED_DEVICE_FAMILY = "1,2";
			};
			name = Release;
		};
		9C7D1F5C1A7BCB230091CDE5 /* Debug */ = {
			isa = XCBuildConfiguration;
			baseConfigurationReference = 9C1309911ABA049F0022E23B /* Pods.debug.xcconfig */;
			buildSettings = {
				ALWAYS_SEARCH_USER_PATHS = NO;
				CLANG_ENABLE_MODULES = YES;
				CODE_SIGN_ENTITLEMENTS = "LiFX Widget Companion WatchKit Extension/LiFX Widget Companion WatchKit Extension.entitlements";
				GCC_PREPROCESSOR_DEFINITIONS = (
					AF_APP_EXTENSIONS,
					"DEBUG=1",
					"$(inherited)",
				);
				INFOPLIST_FILE = "LiFX Widget Companion WatchKit Extension/Info.plist";
				IPHONEOS_DEPLOYMENT_TARGET = 8.2;
				LD_RUNPATH_SEARCH_PATHS = "$(inherited) @executable_path/Frameworks @executable_path/../../Frameworks";
				MTL_ENABLE_DEBUG_INFO = YES;
				PRODUCT_NAME = "${TARGET_NAME}";
				SKIP_INSTALL = YES;
				SWIFT_OPTIMIZATION_LEVEL = "-Onone";
			};
			name = Debug;
		};
		9C7D1F5D1A7BCB230091CDE5 /* Release */ = {
			isa = XCBuildConfiguration;
			baseConfigurationReference = 9C1309921ABA049F0022E23B /* Pods.release.xcconfig */;
			buildSettings = {
				ALWAYS_SEARCH_USER_PATHS = NO;
				CLANG_ENABLE_MODULES = YES;
				CODE_SIGN_ENTITLEMENTS = "LiFX Widget Companion WatchKit Extension/LiFX Widget Companion WatchKit Extension.entitlements";
				COPY_PHASE_STRIP = NO;
				GCC_PREPROCESSOR_DEFINITIONS = (
					AF_APP_EXTENSIONS,
					"$(inherited)",
					"COCOAPODS=1",
				);
				INFOPLIST_FILE = "LiFX Widget Companion WatchKit Extension/Info.plist";
				IPHONEOS_DEPLOYMENT_TARGET = 8.2;
				LD_RUNPATH_SEARCH_PATHS = "$(inherited) @executable_path/Frameworks @executable_path/../../Frameworks";
				MTL_ENABLE_DEBUG_INFO = NO;
				PRODUCT_NAME = "${TARGET_NAME}";
				SKIP_INSTALL = YES;
			};
			name = Release;
		};
		9C7D1F5E1A7BCB230091CDE5 /* Debug */ = {
			isa = XCBuildConfiguration;
			baseConfigurationReference = 9C1309911ABA049F0022E23B /* Pods.debug.xcconfig */;
			buildSettings = {
				ALWAYS_SEARCH_USER_PATHS = NO;
				ASSETCATALOG_COMPILER_APPICON_NAME = AppIcon;
				ASSETCATALOG_COMPILER_LAUNCHIMAGE_NAME = LaunchImage;
				GCC_PREPROCESSOR_DEFINITIONS = (
					"DEBUG=1",
					"$(inherited)",
				);
				IBSC_MODULE = LiFX_Widget_Companion_WatchKit_Extension;
				INFOPLIST_FILE = "LiFX Widget Companion WatchKit App/Info.plist";
				IPHONEOS_DEPLOYMENT_TARGET = 8.2;
				MTL_ENABLE_DEBUG_INFO = YES;
				PRODUCT_NAME = "$(TARGET_NAME)";
				SKIP_INSTALL = YES;
				TARGETED_DEVICE_FAMILY = 4;
				"TARGETED_DEVICE_FAMILY[sdk=iphonesimulator*]" = "1,4";
			};
			name = Debug;
		};
		9C7D1F5F1A7BCB230091CDE5 /* Release */ = {
			isa = XCBuildConfiguration;
			baseConfigurationReference = 9C1309921ABA049F0022E23B /* Pods.release.xcconfig */;
			buildSettings = {
				ALWAYS_SEARCH_USER_PATHS = NO;
				ASSETCATALOG_COMPILER_APPICON_NAME = AppIcon;
				ASSETCATALOG_COMPILER_LAUNCHIMAGE_NAME = LaunchImage;
				COPY_PHASE_STRIP = NO;
				IBSC_MODULE = LiFX_Widget_Companion_WatchKit_Extension;
				INFOPLIST_FILE = "LiFX Widget Companion WatchKit App/Info.plist";
				IPHONEOS_DEPLOYMENT_TARGET = 8.2;
				MTL_ENABLE_DEBUG_INFO = NO;
				PRODUCT_NAME = "$(TARGET_NAME)";
				SKIP_INSTALL = YES;
				TARGETED_DEVICE_FAMILY = 4;
				"TARGETED_DEVICE_FAMILY[sdk=iphonesimulator*]" = "1,4";
			};
			name = Release;
		};
/* End XCBuildConfiguration section */

/* Begin XCConfigurationList section */
		9C0A2DC2197F9ADE00D94B5F /* Build configuration list for PBXProject "LiFX Widget" */ = {
			isa = XCConfigurationList;
			buildConfigurations = (
				9C0A2DE1197F9ADE00D94B5F /* Debug */,
				9C0A2DE2197F9ADE00D94B5F /* Release */,
			);
			defaultConfigurationIsVisible = 0;
			defaultConfigurationName = Release;
		};
		9C0A2DE3197F9ADE00D94B5F /* Build configuration list for PBXNativeTarget "LiFX Widget Companion" */ = {
			isa = XCConfigurationList;
			buildConfigurations = (
				9C0A2DE4197F9ADE00D94B5F /* Debug */,
				9C0A2DE5197F9ADE00D94B5F /* Release */,
			);
			defaultConfigurationIsVisible = 0;
			defaultConfigurationName = Release;
		};
		9C0A2DFD197F9BA200D94B5F /* Build configuration list for PBXNativeTarget "LiFX Widget" */ = {
			isa = XCConfigurationList;
			buildConfigurations = (
				9C0A2DFE197F9BA200D94B5F /* Debug */,
				9C0A2DFF197F9BA200D94B5F /* Release */,
			);
			defaultConfigurationIsVisible = 0;
			defaultConfigurationName = Release;
		};
		9C7D1F601A7BCB230091CDE5 /* Build configuration list for PBXNativeTarget "LiFX Widget Companion WatchKit App" */ = {
			isa = XCConfigurationList;
			buildConfigurations = (
				9C7D1F5E1A7BCB230091CDE5 /* Debug */,
				9C7D1F5F1A7BCB230091CDE5 /* Release */,
			);
			defaultConfigurationIsVisible = 0;
			defaultConfigurationName = Release;
		};
		9C7D1F611A7BCB230091CDE5 /* Build configuration list for PBXNativeTarget "LiFX Widget Companion WatchKit Extension" */ = {
			isa = XCConfigurationList;
			buildConfigurations = (
				9C7D1F5C1A7BCB230091CDE5 /* Debug */,
				9C7D1F5D1A7BCB230091CDE5 /* Release */,
			);
			defaultConfigurationIsVisible = 0;
			defaultConfigurationName = Release;
		};
/* End XCConfigurationList section */
	};
	rootObject = 9C0A2DBF197F9ADE00D94B5F /* Project object */;
}
